{
  "name": "trickdb",
  "version": "0.0.1",
  "lockfileVersion": 1,
  "requires": true,
  "dependencies": {
    "sqltomango": {
      "version": "1.2.3",
      "resolved": "https://registry.npmjs.org/sqltomango/-/sqltomango-1.2.3.tgz",
      "integrity": "sha512-WiKST+aFzamQOmX6nOTCFGXiz/UXkcwyhcRsM+oiz2YO+/IRWFYOq2soTpvrPo33N3rdU7sYfCUPIGNEvpKTVQ=="
    }
  }
}
